
Microsoft Visual Studio Solution File, Format Version 11.00
# Visual C# Express 2010
Project("{FAE04EC0-301F-11D3-BF4B-00C04F79EFBC}") = "slar", "slar\slar.csproj", "{40CB4376-6BA1-432B-93B2-581710CA2B9E}"
EndProject
Global
	GlobalSection(SolutionConfigurationPlatforms) = preSolution
		Debug|Any CPU = Debug|Any CPU
		Release|Any CPU = Release|Any CPU
	EndGlobalSection
	GlobalSection(ProjectConfigurationPlatforms) = postSolution
		{40CB4376-6BA1-432B-93B2-581710CA2B9E}.Debug|Any CPU.ActiveCfg = Debug|Any CPU
		{40CB4376-6BA1-432B-93B2-581710CA2B9E}.Debug|Any CPU.Build.0 = Debug|Any CPU
		{40CB4376-6BA1-432B-93B2-581710CA2B9E}.Release|Any CPU.ActiveCfg = Release|Any CPU
		{40CB4376-6BA1-432B-93B2-581710CA2B9E}.Release|Any CPU.Build.0 = Release|Any CPU
	EndGlobalSection
	GlobalSection(SolutionProperties) = preSolution
		HideSolutionNode = FALSE
	EndGlobalSection
EndGlobal
